
Microsoft Visual Studio Solution File, Format Version 12.00
# Visual Studio Version 17
VisualStudioVersion = 17.10.35122.118
MinimumVisualStudioVersion = 10.0.40219.1
Project("{9A19103F-16F7-4668-BE54-9A1E7A4F7556}") = "CXManagmentMVP.Domain", "CXManagmentMVP.Domain\CXManagmentMVP.Domain.csproj", "{9689C551-80DA-4CD6-B29A-B325238D5A2B}"
EndProject
Project("{9A19103F-16F7-4668-BE54-9A1E7A4F7556}") = "CXManagement.Application", "CXManagement.Application\CXManagement.Application.csproj", "{06BB2D26-1D8D-400A-AB58-C6799759DD9E}"
EndProject
Project("{9A19103F-16F7-4668-BE54-9A1E7A4F7556}") = "CXManagmentMVP.Infrastructure", "CXManagmentMVP.Infrastructure\CXManagmentMVP.Infrastructure.csproj", "{4141252D-4ABB-48D2-8AC9-5DBE8104FF7D}"
EndProject
Project("{FAE04EC0-301F-11D3-BF4B-00C04F79EFBC}") = "CXManagement.API", "CXManagement.API\CXManagement.API.csproj", "{7E69703F-E74A-4342-831F-0F1DF73F78CB}"
EndProject
Project("{FAE04EC0-301F-11D3-BF4B-00C04F79EFBC}") = "CXManagement.Presentation", "CXManagement.Presentation\CXManagement.Presentation.csproj", "{7228055D-F24A-4C80-A3D6-165B8294FDC6}"
EndProject
Global
	GlobalSection(SolutionConfigurationPlatforms) = preSolution
		Debug|Any CPU = Debug|Any CPU
		Release|Any CPU = Release|Any CPU
	EndGlobalSection
	GlobalSection(ProjectConfigurationPlatforms) = postSolution
		{9689C551-80DA-4CD6-B29A-B325238D5A2B}.Debug|Any CPU.ActiveCfg = Debug|Any CPU
		{9689C551-80DA-4CD6-B29A-B325238D5A2B}.Debug|Any CPU.Build.0 = Debug|Any CPU
		{9689C551-80DA-4CD6-B29A-B325238D5A2B}.Release|Any CPU.ActiveCfg = Release|Any CPU
		{9689C551-80DA-4CD6-B29A-B325238D5A2B}.Release|Any CPU.Build.0 = Release|Any CPU
		{06BB2D26-1D8D-400A-AB58-C6799759DD9E}.Debug|Any CPU.ActiveCfg = Debug|Any CPU
		{06BB2D26-1D8D-400A-AB58-C6799759DD9E}.Debug|Any CPU.Build.0 = Debug|Any CPU
		{06BB2D26-1D8D-400A-AB58-C6799759DD9E}.Release|Any CPU.ActiveCfg = Release|Any CPU
		{06BB2D26-1D8D-400A-AB58-C6799759DD9E}.Release|Any CPU.Build.0 = Release|Any CPU
		{4141252D-4ABB-48D2-8AC9-5DBE8104FF7D}.Debug|Any CPU.ActiveCfg = Debug|Any CPU
		{4141252D-4ABB-48D2-8AC9-5DBE8104FF7D}.Debug|Any CPU.Build.0 = Debug|Any CPU
		{4141252D-4ABB-48D2-8AC9-5DBE8104FF7D}.Release|Any CPU.ActiveCfg = Release|Any CPU
		{4141252D-4ABB-48D2-8AC9-5DBE8104FF7D}.Release|Any CPU.Build.0 = Release|Any CPU
		{7E69703F-E74A-4342-831F-0F1DF73F78CB}.Debug|Any CPU.ActiveCfg = Debug|Any CPU
		{7E69703F-E74A-4342-831F-0F1DF73F78CB}.Debug|Any CPU.Build.0 = Debug|Any CPU
		{7E69703F-E74A-4342-831F-0F1DF73F78CB}.Release|Any CPU.ActiveCfg = Release|Any CPU
		{7E69703F-E74A-4342-831F-0F1DF73F78CB}.Release|Any CPU.Build.0 = Release|Any CPU
		{7228055D-F24A-4C80-A3D6-165B8294FDC6}.Debug|Any CPU.ActiveCfg = Debug|Any CPU
		{7228055D-F24A-4C80-A3D6-165B8294FDC6}.Debug|Any CPU.Build.0 = Debug|Any CPU
		{7228055D-F24A-4C80-A3D6-165B8294FDC6}.Release|Any CPU.ActiveCfg = Release|Any CPU
		{7228055D-F24A-4C80-A3D6-165B8294FDC6}.Release|Any CPU.Build.0 = Release|Any CPU
	EndGlobalSection
	GlobalSection(SolutionProperties) = preSolution
		HideSolutionNode = FALSE
	EndGlobalSection
	GlobalSection(ExtensibilityGlobals) = postSolution
		SolutionGuid = {4E29DA8B-2175-4474-A7CF-79889B04FA82}
	EndGlobalSection
EndGlobal
